
Microsoft Visual Studio Solution File, Format Version 12.00
# Visual Studio Version 17
VisualStudioVersion = 17.4.33213.308
MinimumVisualStudioVersion = 10.0.40219.1
Project("{FAE04EC0-301F-11D3-BF4B-00C04F79EFBC}") = "CarpinteriaApp", "CarpinteriaApp.csproj", "{F6CF0952-AF12-45CF-A317-6563815300C6}"
EndProject
Global
	GlobalSection(SolutionConfigurationPlatforms) = preSolution
		Debug|Any CPU = Debug|Any CPU
		Release|Any CPU = Release|Any CPU
	EndGlobalSection
	GlobalSection(ProjectConfigurationPlatforms) = postSolution
		{F6CF0952-AF12-45CF-A317-6563815300C6}.Debug|Any CPU.ActiveCfg = Debug|Any CPU
		{F6CF0952-AF12-45CF-A317-6563815300C6}.Debug|Any CPU.Build.0 = Debug|Any CPU
		{F6CF0952-AF12-45CF-A317-6563815300C6}.Release|Any CPU.ActiveCfg = Release|Any CPU
		{F6CF0952-AF12-45CF-A317-6563815300C6}.Release|Any CPU.Build.0 = Release|Any CPU
	EndGlobalSection
	GlobalSection(SolutionProperties) = preSolution
		HideSolutionNode = FALSE
	EndGlobalSection
	GlobalSection(ExtensibilityGlobals) = postSolution
		SolutionGuid = {314624C2-B241-4AEB-A420-D4E9F18964F9}
	EndGlobalSection
EndGlobal
